
Microsoft Visual Studio Solution File, Format Version 12.00
# Visual Studio Version 16
VisualStudioVersion = 16.0.29215.179
MinimumVisualStudioVersion = 10.0.40219.1
Project("{FAE04EC0-301F-11D3-BF4B-00C04F79EFBC}") = "UnitTest", "UnitTest\UnitTest.csproj", "{364C6C32-EB6C-4D8C-8983-E53030863F87}"
EndProject
Project("{FAE04EC0-301F-11D3-BF4B-00C04F79EFBC}") = "DataAccess", "DataAccess\DataAccess.csproj", "{A60809A7-DEC2-4038-AC83-75D861B8CDD8}"
EndProject
Project("{FAE04EC0-301F-11D3-BF4B-00C04F79EFBC}") = "Logic", "Logic\Logic.csproj", "{06D04273-A20E-4C2F-931B-99A62513C49D}"
EndProject
Project("{FAE04EC0-301F-11D3-BF4B-00C04F79EFBC}") = "WebApplication", "WebApplication\WebApplication.csproj", "{6F5D361E-72AF-4598-B785-03F7A84A431B}"
EndProject
Project("{FAE04EC0-301F-11D3-BF4B-00C04F79EFBC}") = "WpfApp", "WpfApp\WpfApp.csproj", "{17FAAA45-B879-436C-9BF9-1C635A62D926}"
EndProject
Project("{FAE04EC0-301F-11D3-BF4B-00C04F79EFBC}") = "CodeFirstNewDatabaseSample", "CodeFirstNewDatabaseSample\CodeFirstNewDatabaseSample.csproj", "{522C73BB-9CEF-43BB-A4C7-C0D260F09AE1}"
EndProject
Project("{FAE04EC0-301F-11D3-BF4B-00C04F79EFBC}") = "Entity", "Entity\Entity.csproj", "{B395881D-FF32-4CD6-8802-3C3008E2FC58}"
EndProject
Global
	GlobalSection(SolutionConfigurationPlatforms) = preSolution
		Debug|Any CPU = Debug|Any CPU
		Release|Any CPU = Release|Any CPU
	EndGlobalSection
	GlobalSection(ProjectConfigurationPlatforms) = postSolution
		{364C6C32-EB6C-4D8C-8983-E53030863F87}.Debug|Any CPU.ActiveCfg = Debug|Any CPU
		{364C6C32-EB6C-4D8C-8983-E53030863F87}.Debug|Any CPU.Build.0 = Debug|Any CPU
		{364C6C32-EB6C-4D8C-8983-E53030863F87}.Release|Any CPU.ActiveCfg = Release|Any CPU
		{364C6C32-EB6C-4D8C-8983-E53030863F87}.Release|Any CPU.Build.0 = Release|Any CPU
		{A60809A7-DEC2-4038-AC83-75D861B8CDD8}.Debug|Any CPU.ActiveCfg = Debug|Any CPU
		{A60809A7-DEC2-4038-AC83-75D861B8CDD8}.Debug|Any CPU.Build.0 = Debug|Any CPU
		{A60809A7-DEC2-4038-AC83-75D861B8CDD8}.Release|Any CPU.ActiveCfg = Release|Any CPU
		{A60809A7-DEC2-4038-AC83-75D861B8CDD8}.Release|Any CPU.Build.0 = Release|Any CPU
		{06D04273-A20E-4C2F-931B-99A62513C49D}.Debug|Any CPU.ActiveCfg = Debug|Any CPU
		{06D04273-A20E-4C2F-931B-99A62513C49D}.Debug|Any CPU.Build.0 = Debug|Any CPU
		{06D04273-A20E-4C2F-931B-99A62513C49D}.Release|Any CPU.ActiveCfg = Release|Any CPU
		{06D04273-A20E-4C2F-931B-99A62513C49D}.Release|Any CPU.Build.0 = Release|Any CPU
		{6F5D361E-72AF-4598-B785-03F7A84A431B}.Debug|Any CPU.ActiveCfg = Debug|Any CPU
		{6F5D361E-72AF-4598-B785-03F7A84A431B}.Debug|Any CPU.Build.0 = Debug|Any CPU
		{6F5D361E-72AF-4598-B785-03F7A84A431B}.Release|Any CPU.ActiveCfg = Release|Any CPU
		{6F5D361E-72AF-4598-B785-03F7A84A431B}.Release|Any CPU.Build.0 = Release|Any CPU
		{17FAAA45-B879-436C-9BF9-1C635A62D926}.Debug|Any CPU.ActiveCfg = Debug|Any CPU
		{17FAAA45-B879-436C-9BF9-1C635A62D926}.Debug|Any CPU.Build.0 = Debug|Any CPU
		{17FAAA45-B879-436C-9BF9-1C635A62D926}.Release|Any CPU.ActiveCfg = Release|Any CPU
		{17FAAA45-B879-436C-9BF9-1C635A62D926}.Release|Any CPU.Build.0 = Release|Any CPU
		{522C73BB-9CEF-43BB-A4C7-C0D260F09AE1}.Debug|Any CPU.ActiveCfg = Debug|Any CPU
		{522C73BB-9CEF-43BB-A4C7-C0D260F09AE1}.Debug|Any CPU.Build.0 = Debug|Any CPU
		{522C73BB-9CEF-43BB-A4C7-C0D260F09AE1}.Release|Any CPU.ActiveCfg = Release|Any CPU
		{522C73BB-9CEF-43BB-A4C7-C0D260F09AE1}.Release|Any CPU.Build.0 = Release|Any CPU
		{B395881D-FF32-4CD6-8802-3C3008E2FC58}.Debug|Any CPU.ActiveCfg = Debug|Any CPU
		{B395881D-FF32-4CD6-8802-3C3008E2FC58}.Debug|Any CPU.Build.0 = Debug|Any CPU
		{B395881D-FF32-4CD6-8802-3C3008E2FC58}.Release|Any CPU.ActiveCfg = Release|Any CPU
		{B395881D-FF32-4CD6-8802-3C3008E2FC58}.Release|Any CPU.Build.0 = Release|Any CPU
	EndGlobalSection
	GlobalSection(SolutionProperties) = preSolution
		HideSolutionNode = FALSE
	EndGlobalSection
	GlobalSection(ExtensibilityGlobals) = postSolution
		SolutionGuid = {4E6E059D-4D28-4991-8564-D5F1660FE9A2}
	EndGlobalSection
EndGlobal
